<?xml version="1.0" encoding="utf-8"?>
<Project ToolsVersion="4.0" xmlns="http://schemas.microsoft.com/developer/msbuild/2003">
  <ItemGroup>
    <Filter Include="Source Files">
      <UniqueIdentifier>{7cf90409-b820-430c-a4a3-47b0946a0ac7}</UniqueIdentifier>
      <Extensions>cpp;c;cxx;rc;def;r;odl;idl;hpj;bat</Extensions>
    </Filter>
    <Filter Include="Header Files">
      <UniqueIdentifier>{49b675bb-6b6f-4372-a399-4b8b73bcf8da}</UniqueIdentifier>
      <Extensions>h;hpp;hxx;hm;inl</Extensions>
    </Filter>
    <Filter Include="Resource Files">
      <UniqueIdentifier>{412619c6-31c2-4f23-9eab-a6e3e99278e7}</UniqueIdentifier>
      <Extensions>ico;cur;bmp;dlg;rc2;rct;bin;rgs;gif;jpg;jpeg;jpe</Extensions>
    </Filter>
  </ItemGroup>
  <ItemGroup>
    <ClCompile Include="..\H264AVCDecoderLibTest\DecoderParameter.cpp">
      <Filter>Source Files</Filter>
    </ClCompile>
    <ClCompile Include="..\H264AVCDecoderLibTest\H264AVCDecoderLibTest.cpp">
      <Filter>Source Files</Filter>
    </ClCompile>
    <ClCompile Include="..\H264AVCDecoderLibTest\H264AVCDecoderTest.cpp">
      <Filter>Source Files</Filter>
    </ClCompile>
  </ItemGroup>
  <ItemGroup>
    <ClInclude Include="..\H264AVCDecoderLibTest\DecoderParameter.h">
      <Filter>Header Files</Filter>
    </ClInclude>
    <ClInclude Include="..\H264AVCDecoderLibTest\H264AVCDecoderLibTest.h">
      <Filter>Header Files</Filter>
    </ClInclude>
    <ClInclude Include="..\H264AVCDecoderLibTest\H264AVCDecoderTest.h">
      <Filter>Header Files</Filter>
    </ClInclude>
  </ItemGroup>
</Project>