<?xml version="1.0" encoding="utf-8"?>
<Project ToolsVersion="4.0" xmlns="http://schemas.microsoft.com/developer/msbuild/2003">
  <ItemGroup>
    <Filter Include="Source Files">
      <UniqueIdentifier>{fe29d376-d391-4bfc-beb8-1ec74e69c526}</UniqueIdentifier>
      <Extensions>cpp;c;cxx;rc;def;r;odl;idl;hpj;bat</Extensions>
    </Filter>
    <Filter Include="Header Files">
      <UniqueIdentifier>{462547cf-35eb-4740-a19d-8a497e27ee38}</UniqueIdentifier>
      <Extensions>h;hpp;hxx;hm;inl</Extensions>
    </Filter>
    <Filter Include="Resource Files">
      <UniqueIdentifier>{9ac47abf-ba76-44c7-b3ac-b934eae36650}</UniqueIdentifier>
      <Extensions>ico;cur;bmp;dlg;rc2;rct;bin;rgs;gif;jpg;jpeg;jpe</Extensions>
    </Filter>
  </ItemGroup>
  <ItemGroup>
    <ClCompile Include="MCTF.cpp">
      <Filter>Source Files</Filter>
    </ClCompile>
    <ClCompile Include="MCTFPreProcessor.cpp">
      <Filter>Source Files</Filter>
    </ClCompile>
    <ClCompile Include="MCTFPreProcessorTest.cpp">
      <Filter>Source Files</Filter>
    </ClCompile>
    <ClCompile Include="PreProcessor.cpp">
      <Filter>Source Files</Filter>
    </ClCompile>
    <ClCompile Include="PreProcessorParameter.cpp">
      <Filter>Source Files</Filter>
    </ClCompile>
  </ItemGroup>
  <ItemGroup>
    <ClInclude Include="MCTF.h">
      <Filter>Header Files</Filter>
    </ClInclude>
    <ClInclude Include="MCTFPreProcessor.h">
      <Filter>Header Files</Filter>
    </ClInclude>
    <ClInclude Include="MCTFPreProcessorTest.h">
      <Filter>Header Files</Filter>
    </ClInclude>
    <ClInclude Include="PreProcessorParameter.h">
      <Filter>Header Files</Filter>
    </ClInclude>
  </ItemGroup>
</Project>