<?xml version="1.0" encoding="utf-8"?>
<Project ToolsVersion="4.0" xmlns="http://schemas.microsoft.com/developer/msbuild/2003">
  <ItemGroup>
    <Filter Include="Source Files">
      <UniqueIdentifier>{2c676ff4-5535-4652-bd5e-dcb2fa5acf6a}</UniqueIdentifier>
      <Extensions>cpp;c;cxx;rc;def;r;odl;idl;hpj;bat</Extensions>
    </Filter>
    <Filter Include="Header Files">
      <UniqueIdentifier>{1f7f767c-f05b-4469-bf83-9709f3a801cb}</UniqueIdentifier>
      <Extensions>h;hpp;hxx;hm;inl</Extensions>
    </Filter>
    <Filter Include="Resource Files">
      <UniqueIdentifier>{f16cb012-c01b-4142-aa8d-8088240d8adc}</UniqueIdentifier>
      <Extensions>ico;cur;bmp;dlg;rc2;rct;bin;rgs;gif;jpg;jpeg;jpe</Extensions>
    </Filter>
  </ItemGroup>
  <ItemGroup>
    <ClCompile Include="DecoderParameter.cpp">
      <Filter>Source Files</Filter>
    </ClCompile>
    <ClCompile Include="H264AVCDecoderLibTest.cpp">
      <Filter>Source Files</Filter>
    </ClCompile>
    <ClCompile Include="H264AVCDecoderTest.cpp">
      <Filter>Source Files</Filter>
    </ClCompile>
  </ItemGroup>
  <ItemGroup>
    <ClInclude Include="DecoderParameter.h">
      <Filter>Header Files</Filter>
    </ClInclude>
    <ClInclude Include="H264AVCDecoderLibTest.h">
      <Filter>Header Files</Filter>
    </ClInclude>
    <ClInclude Include="H264AVCDecoderTest.h">
      <Filter>Header Files</Filter>
    </ClInclude>
  </ItemGroup>
</Project>